
Microsoft Visual Studio Solution File, Format Version 12.00
# Visual Studio Version 17
VisualStudioVersion = 17.3.32825.248
MinimumVisualStudioVersion = 10.0.40219.1
Project("{FAE04EC0-301F-11D3-BF4B-00C04F79EFBC}") = "BukkMaraton2019", "BukkMaraton2019.csproj", "{D104DECC-9FCD-4589-9646-CAE256E46526}"
EndProject
Global
	GlobalSection(SolutionConfigurationPlatforms) = preSolution
		Debug|Any CPU = Debug|Any CPU
		Release|Any CPU = Release|Any CPU
	EndGlobalSection
	GlobalSection(ProjectConfigurationPlatforms) = postSolution
		{D104DECC-9FCD-4589-9646-CAE256E46526}.Debug|Any CPU.ActiveCfg = Debug|Any CPU
		{D104DECC-9FCD-4589-9646-CAE256E46526}.Debug|Any CPU.Build.0 = Debug|Any CPU
		{D104DECC-9FCD-4589-9646-CAE256E46526}.Release|Any CPU.ActiveCfg = Release|Any CPU
		{D104DECC-9FCD-4589-9646-CAE256E46526}.Release|Any CPU.Build.0 = Release|Any CPU
	EndGlobalSection
	GlobalSection(SolutionProperties) = preSolution
		HideSolutionNode = FALSE
	EndGlobalSection
	GlobalSection(ExtensibilityGlobals) = postSolution
		SolutionGuid = {DB387E08-1A31-4AD9-BE50-53B0F1785464}
	EndGlobalSection
EndGlobal
