
Microsoft Visual Studio Solution File, Format Version 12.00
# Visual Studio Version 17
VisualStudioVersion = 17.4.33103.184
MinimumVisualStudioVersion = 10.0.40219.1
Project("{FAE04EC0-301F-11D3-BF4B-00C04F79EFBC}") = "SuperBowl_Gyak", "SuperBowl_Gyak.csproj", "{75459A93-A651-48AE-8116-DB635C38810D}"
EndProject
Global
	GlobalSection(SolutionConfigurationPlatforms) = preSolution
		Debug|Any CPU = Debug|Any CPU
		Release|Any CPU = Release|Any CPU
	EndGlobalSection
	GlobalSection(ProjectConfigurationPlatforms) = postSolution
		{75459A93-A651-48AE-8116-DB635C38810D}.Debug|Any CPU.ActiveCfg = Debug|Any CPU
		{75459A93-A651-48AE-8116-DB635C38810D}.Debug|Any CPU.Build.0 = Debug|Any CPU
		{75459A93-A651-48AE-8116-DB635C38810D}.Release|Any CPU.ActiveCfg = Release|Any CPU
		{75459A93-A651-48AE-8116-DB635C38810D}.Release|Any CPU.Build.0 = Release|Any CPU
	EndGlobalSection
	GlobalSection(SolutionProperties) = preSolution
		HideSolutionNode = FALSE
	EndGlobalSection
	GlobalSection(ExtensibilityGlobals) = postSolution
		SolutionGuid = {4304C7B7-8135-42B3-B3F2-CD63E48E51DF}
	EndGlobalSection
EndGlobal
